
Microsoft Visual Studio Solution File, Format Version 12.00
# Visual Studio Version 17
VisualStudioVersion = 17.8.34316.72
MinimumVisualStudioVersion = 10.0.40219.1
Project("{FAE04EC0-301F-11D3-BF4B-00C04F79EFBC}") = "Final Resume Maker System Project", "Final Resume Maker System Project.csproj", "{D031C01D-570F-499A-963B-A68C366B98D5}"
EndProject
Global
	GlobalSection(SolutionConfigurationPlatforms) = preSolution
		Debug|Any CPU = Debug|Any CPU
		Release|Any CPU = Release|Any CPU
	EndGlobalSection
	GlobalSection(ProjectConfigurationPlatforms) = postSolution
		{D031C01D-570F-499A-963B-A68C366B98D5}.Debug|Any CPU.ActiveCfg = Debug|Any CPU
		{D031C01D-570F-499A-963B-A68C366B98D5}.Debug|Any CPU.Build.0 = Debug|Any CPU
		{D031C01D-570F-499A-963B-A68C366B98D5}.Release|Any CPU.ActiveCfg = Release|Any CPU
		{D031C01D-570F-499A-963B-A68C366B98D5}.Release|Any CPU.Build.0 = Release|Any CPU
	EndGlobalSection
	GlobalSection(SolutionProperties) = preSolution
		HideSolutionNode = FALSE
	EndGlobalSection
	GlobalSection(ExtensibilityGlobals) = postSolution
		SolutionGuid = {C505D1CE-03D6-4046-8426-AE1982C66A1B}
	EndGlobalSection
EndGlobal
